{
  "name": "iTop",
  "lockfileVersion": 2,
  "requires": true,
  "packages": {
    "": {
      "dependencies": {
        "@fontsource/raleway": "^4.5.0",
        "@popperjs/core": "^2.4.4",
        "bulma-scss": "^0.9.0-1",
        "datatables.net": "^1.10.12",
        "datatables.net-fixedheader": "^3.1.2",
        "datatables.net-responsive": "^2.1.0",
        "datatables.net-scroller": "^1.4.2",
        "datatables.net-select": "^1.2.0",
        "scrollmagic": "^2.0.8",
        "selectize-plugin-a11y": "^1.1.0",
        "tippy.js": "^6.2.5"
      }
    },
    "node_modules/@fontsource/raleway": {
      "version": "4.5.0",
      "resolved": "https://registry.npmjs.org/@fontsource/raleway/-/raleway-4.5.0.tgz",
      "integrity": "sha512-Rzj90wbZQnNzazqzoiu5HzMEMdqMJLUVFOo699sinTXrZRm1aB5iX2HTiK2VlPnH4M6u8yYnJ7CebOyamfWlqw=="
    },
    "node_modules/@popperjs/core": {
      "version": "2.4.4",
      "license": "MIT",
      "funding": {
        "type": "opencollective",
        "url": "https://opencollective.com/popperjs"
      }
    },
    "node_modules/bulma-scss": {
      "version": "0.9.0-1",
      "license": "MIT"
    },
    "node_modules/datatables.net": {
      "version": "1.10.24",
      "resolved": "https://registry.npmjs.org/datatables.net/-/datatables.net-1.10.24.tgz",
      "integrity": "sha512-CwXixvOdinvBCLXvcTloDinWiEM7Geaz+GwyjPrZL+MXIGPcLv4Op1bbWn8ErsI1JWMIWC8Cuf1rnDU2RrFV5w==",
      "dependencies": {
        "jquery": ">=1.7"
      }
    },
    "node_modules/datatables.net-fixedheader": {
      "version": "3.1.8",
      "resolved": "https://registry.npmjs.org/datatables.net-fixedheader/-/datatables.net-fixedheader-3.1.8.tgz",
      "integrity": "sha512-MLZgzkU6sGNSqlKuuJC/5/ps4xcmJQZILHqr5bOK/2kBEzCZzH+ZVOjudVRshnxkFn7IOTAOecMQHI6HPHFhag==",
      "dependencies": {
        "datatables.net": "^1.10.15",
        "jquery": ">=1.7"
      }
    },
    "node_modules/datatables.net-responsive": {
      "version": "2.2.7",
      "resolved": "https://registry.npmjs.org/datatables.net-responsive/-/datatables.net-responsive-2.2.7.tgz",
      "integrity": "sha512-pjZcR+AHa0GE++giRhMBSxFLKrfjP+X7etj7oZMMfMTi1gcdYdM8YP3gmpEyfLjDEg6uPJb9PRH4mQHcc8OYyA==",
      "dependencies": {
        "datatables.net": "^1.10.15",
        "jquery": ">=1.7"
      }
    },
    "node_modules/datatables.net-scroller": {
      "version": "1.5.1",
      "resolved": "https://registry.npmjs.org/datatables.net-scroller/-/datatables.net-scroller-1.5.1.tgz",
      "integrity": "sha512-aMUarBCREmrSLE0n0NBmOMI55Re+EV4KMpR1rMc2l8jhoE+UQWF1Xe0AYuR4342ybesb1WW8U3RVlLdS6gQCmg==",
      "dependencies": {
        "datatables.net": "^1.10.15",
        "jquery": ">=1.7"
      }
    },
    "node_modules/datatables.net-select": {
      "version": "1.3.3",
      "resolved": "https://registry.npmjs.org/datatables.net-select/-/datatables.net-select-1.3.3.tgz",
      "integrity": "sha512-M4e9Qx790IPt+tc+CLgk7gPram3i+M2OmhIkhIpp7RcZ2Ay4App4ouQZcEx3j1MTRIWxtOz47xjpWrwVfJ23YQ==",
      "dependencies": {
        "datatables.net": "^1.10.15",
        "jquery": ">=1.7"
      }
    },
    "node_modules/jquery": {
      "version": "3.6.0",
      "resolved": "https://registry.npmjs.org/jquery/-/jquery-3.6.0.tgz",
      "integrity": "sha512-JVzAR/AjBvVt2BmYhxRCSYysDsPcssdmTFnzyLEts9qNwmjmu4JTAMYubEfwVOSwpQ1I1sKKFcxhZCI2buerfw=="
    },
    "node_modules/scrollmagic": {
      "version": "2.0.8",
      "license": "(MIT OR GPL-3.0+)",
      "engines": {
        "node": ">=0.10.x"
      }
    },
    "node_modules/selectize-plugin-a11y": {
      "version": "1.1.0",
      "resolved": "https://registry.npmjs.org/selectize-plugin-a11y/-/selectize-plugin-a11y-1.1.0.tgz",
      "integrity": "sha512-fgY8fzE5Jx6DaoMg1c6otibyftkBw5y64YL778pyq7rS92h10QCPmgMaRtsHdXBFwPt6qO8qqQ1Pj1JJ0GDPrA=="
    },
    "node_modules/tippy.js": {
      "version": "6.2.5",
      "license": "MIT",
      "dependencies": {
        "@popperjs/core": "^2.4.4"
      }
    }
  },
  "dependencies": {
    "@fontsource/raleway": {
      "version": "4.5.0",
      "resolved": "https://registry.npmjs.org/@fontsource/raleway/-/raleway-4.5.0.tgz",
      "integrity": "sha512-Rzj90wbZQnNzazqzoiu5HzMEMdqMJLUVFOo699sinTXrZRm1aB5iX2HTiK2VlPnH4M6u8yYnJ7CebOyamfWlqw=="
    },
    "@popperjs/core": {
      "version": "2.4.4"
    },
    "bulma-scss": {
      "version": "0.9.0-1"
    },
    "datatables.net": {
      "version": "1.10.24",
      "resolved": "https://registry.npmjs.org/datatables.net/-/datatables.net-1.10.24.tgz",
      "integrity": "sha512-CwXixvOdinvBCLXvcTloDinWiEM7Geaz+GwyjPrZL+MXIGPcLv4Op1bbWn8ErsI1JWMIWC8Cuf1rnDU2RrFV5w==",
      "requires": {
        "jquery": ">=1.7"
      }
    },
    "datatables.net-fixedheader": {
      "version": "3.1.8",
      "resolved": "https://registry.npmjs.org/datatables.net-fixedheader/-/datatables.net-fixedheader-3.1.8.tgz",
      "integrity": "sha512-MLZgzkU6sGNSqlKuuJC/5/ps4xcmJQZILHqr5bOK/2kBEzCZzH+ZVOjudVRshnxkFn7IOTAOecMQHI6HPHFhag==",
      "requires": {
        "datatables.net": "^1.10.15",
        "jquery": ">=1.7"
      }
    },
    "datatables.net-responsive": {
      "version": "2.2.7",
      "resolved": "https://registry.npmjs.org/datatables.net-responsive/-/datatables.net-responsive-2.2.7.tgz",
      "integrity": "sha512-pjZcR+AHa0GE++giRhMBSxFLKrfjP+X7etj7oZMMfMTi1gcdYdM8YP3gmpEyfLjDEg6uPJb9PRH4mQHcc8OYyA==",
      "requires": {
        "datatables.net": "^1.10.15",
        "jquery": ">=1.7"
      }
    },
    "datatables.net-scroller": {
      "version": "1.5.1",
      "resolved": "https://registry.npmjs.org/datatables.net-scroller/-/datatables.net-scroller-1.5.1.tgz",
      "integrity": "sha512-aMUarBCREmrSLE0n0NBmOMI55Re+EV4KMpR1rMc2l8jhoE+UQWF1Xe0AYuR4342ybesb1WW8U3RVlLdS6gQCmg==",
      "requires": {
        "datatables.net": "^1.10.15",
        "jquery": ">=1.7"
      }
    },
    "datatables.net-select": {
      "version": "1.3.3",
      "resolved": "https://registry.npmjs.org/datatables.net-select/-/datatables.net-select-1.3.3.tgz",
      "integrity": "sha512-M4e9Qx790IPt+tc+CLgk7gPram3i+M2OmhIkhIpp7RcZ2Ay4App4ouQZcEx3j1MTRIWxtOz47xjpWrwVfJ23YQ==",
      "requires": {
        "datatables.net": "^1.10.15",
        "jquery": ">=1.7"
      }
    },
    "jquery": {
      "version": "3.6.0",
      "resolved": "https://registry.npmjs.org/jquery/-/jquery-3.6.0.tgz",
      "integrity": "sha512-JVzAR/AjBvVt2BmYhxRCSYysDsPcssdmTFnzyLEts9qNwmjmu4JTAMYubEfwVOSwpQ1I1sKKFcxhZCI2buerfw=="
    },
    "scrollmagic": {
      "version": "2.0.8"
    },
    "selectize-plugin-a11y": {
      "version": "1.1.0",
      "resolved": "https://registry.npmjs.org/selectize-plugin-a11y/-/selectize-plugin-a11y-1.1.0.tgz",
      "integrity": "sha512-fgY8fzE5Jx6DaoMg1c6otibyftkBw5y64YL778pyq7rS92h10QCPmgMaRtsHdXBFwPt6qO8qqQ1Pj1JJ0GDPrA=="
    },
    "tippy.js": {
      "version": "6.2.5",
      "requires": {
        "@popperjs/core": "^2.4.4"
      }
    }
  }
}
