{
    "psr/cache": {
        "version": "1.0.1"
    },
    "psr/container": {
        "version": "1.0.0"
    },
    "psr/log": {
        "version": "1.1.0"
    },
    "psr/simple-cache": {
        "version": "1.0.1"
    },
    "symfony/cache": {
        "version": "v3.4.27"
    },
    "symfony/class-loader": {
        "version": "v3.4.27"
    },
    "symfony/config": {
        "version": "v3.4.27"
    },
    "symfony/console": {
        "version": "3.3",
        "recipe": {
            "repo": "github.com/symfony/recipes",
            "branch": "master",
            "version": "3.3",
            "ref": "482d233eb8de91ebd042992077bbd5838858890c"
        },
        "files": [
            "./bin/console",
            "./config/bootstrap.php"
        ]
    },
    "symfony/debug": {
        "version": "v3.4.27"
    },
    "symfony/dependency-injection": {
        "version": "v3.4.27"
    },
    "symfony/dotenv": {
        "version": "v3.4.27"
    },
    "symfony/event-dispatcher": {
        "version": "v3.4.27"
    },
    "symfony/filesystem": {
        "version": "v3.4.27"
    },
    "symfony/finder": {
        "version": "v3.4.27"
    },
    "symfony/flex": {
        "version": "1.0",
        "recipe": {
            "repo": "github.com/symfony/recipes",
            "branch": "master",
            "version": "1.0",
            "ref": "dc3fc2e0334a4137c47cfd5a3ececc601fa61a0b"
        },
        "files": [
            "./.env"
        ]
    },
    "symfony/framework-bundle": {
        "version": "3.3",
        "recipe": {
            "repo": "github.com/symfony/recipes",
            "branch": "master",
            "version": "3.3",
            "ref": "0a20c266736ca946b4ebb088c767f0cb340e41c7"
        },
        "files": [
            "./config/bootstrap.php",
            "./config/packages/cache.yaml",
            "./config/packages/framework.yaml",
            "./config/packages/test/framework.yaml",
            "./config/services.yaml",
            "./public/index.php",
            "./src/Controller/.gitignore",
            "./src/Kernel.php"
        ]
    },
    "symfony/http-foundation": {
        "version": "v3.4.27"
    },
    "symfony/http-kernel": {
        "version": "v3.4.27"
    },
    "symfony/polyfill-apcu": {
        "version": "v1.11.0"
    },
    "symfony/polyfill-mbstring": {
        "version": "v1.11.0"
    },
    "symfony/routing": {
        "version": "3.3",
        "recipe": {
            "repo": "github.com/symfony/recipes",
            "branch": "master",
            "version": "3.3",
            "ref": "4d36f55d8edd7bd88b730754c2d3f3dfc2cd316b"
        },
        "files": [
            "./config/packages/dev/routing.yaml",
            "./config/packages/routing.yaml",
            "./config/packages/test/routing.yaml",
            "./config/routes.yaml"
        ]
    },
    "symfony/twig-bridge": {
        "version": "v3.4.28"
    },
    "symfony/twig-bundle": {
        "version": "3.3",
        "recipe": {
            "repo": "github.com/symfony/recipes",
            "branch": "master",
            "version": "3.3",
            "ref": "369b5b29dc52b2c190002825ae7ec24ab6f962dd"
        },
        "files": [
            "./config/packages/twig.yaml",
            "./config/routes/dev/twig.yaml",
            "./templates/base.html.twig"
        ]
    },
    "symfony/yaml": {
        "version": "v3.4.27"
    },
    "twig/twig": {
        "version": "v2.11.3"
    }
}
